<?xml version="1.0" encoding="utf-8"?>
<Project ToolsVersion="14.0" xmlns="http://schemas.microsoft.com/developer/msbuild/2003">
  <ItemGroup>
    <ClCompile Include="Triangle.cpp">
      <Filter>Source Files</Filter>
    </ClCompile>
    <ClCompile Include="Square.cpp">
      <Filter>Source Files</Filter>
    </ClCompile>
    <ClCompile Include="Rectangle.cpp">
      <Filter>Source Files</Filter>
    </ClCompile>
    <ClCompile Include="Circle.cpp">
      <Filter>Source Files</Filter>
    </ClCompile>
    <ClCompile Include="ShapeSorter.cpp">
      <Filter>Source Files</Filter>
    </ClCompile>
    <ClCompile Include="main.cpp">
      <Filter>Source Files</Filter>
    </ClCompile>
  </ItemGroup>
  <ItemGroup>
    <CustomBuild Include="C:\Users\mja46215\newstarter\exercises\brandon_hewer\ex02_oo_basics\CMakeLists.txt" />
  </ItemGroup>
  <ItemGroup>
    <Filter Include="Source Files">
      <UniqueIdentifier>{5830582F-FB1D-3E9A-84E0-2C461BE742B5}</UniqueIdentifier>
    </Filter>
  </ItemGroup>
  <ItemGroup>
    <ClInclude Include="Shape.h">
      <Filter>Source Files</Filter>
    </ClInclude>
    <ClInclude Include="Triangle.h">
      <Filter>Source Files</Filter>
    </ClInclude>
    <ClInclude Include="Square.h">
      <Filter>Source Files</Filter>
    </ClInclude>
    <ClInclude Include="Rectangle.h">
      <Filter>Source Files</Filter>
    </ClInclude>
    <ClInclude Include="Circle.h">
      <Filter>Source Files</Filter>
    </ClInclude>
    <ClInclude Include="ShapeSorter.h">
      <Filter>Source Files</Filter>
    </ClInclude>
  </ItemGroup>
</Project>